
Microsoft Visual Studio Solution File, Format Version 12.00
# Visual Studio Version 16
VisualStudioVersion = 16.0.29102.190
MinimumVisualStudioVersion = 10.0.40219.1
Project("{FAE04EC0-301F-11D3-BF4B-00C04F79EFBC}") = "SaibaTimers", "SaibaTimers\SaibaTimers.csproj", "{40AC1954-718A-402F-9025-CC890A218038}"
EndProject
Global
	GlobalSection(SolutionConfigurationPlatforms) = preSolution
		Debug|Any CPU = Debug|Any CPU
		Release|Any CPU = Release|Any CPU
	EndGlobalSection
	GlobalSection(ProjectConfigurationPlatforms) = postSolution
		{40AC1954-718A-402F-9025-CC890A218038}.Debug|Any CPU.ActiveCfg = Debug|Any CPU
		{40AC1954-718A-402F-9025-CC890A218038}.Debug|Any CPU.Build.0 = Debug|Any CPU
		{40AC1954-718A-402F-9025-CC890A218038}.Release|Any CPU.ActiveCfg = Release|Any CPU
		{40AC1954-718A-402F-9025-CC890A218038}.Release|Any CPU.Build.0 = Release|Any CPU
	EndGlobalSection
	GlobalSection(SolutionProperties) = preSolution
		HideSolutionNode = FALSE
	EndGlobalSection
	GlobalSection(ExtensibilityGlobals) = postSolution
		SolutionGuid = {C85ECD11-3667-4FD7-AE01-448E287615F3}
	EndGlobalSection
EndGlobal
